
Microsoft Visual Studio Solution File, Format Version 12.00
# Visual Studio Version 16
VisualStudioVersion = 16.0.808.0
MinimumVisualStudioVersion = 10.0.40219.1
Project("{FAE04EC0-301F-11D3-BF4B-00C04F79EFBC}") = "XFEPreferencesSample.Android", "XFEPreferencesSample.Android\XFEPreferencesSample.Android.csproj", "{057B078C-E87F-4C91-B698-4BCBB2EC7499}"
EndProject
Project("{FAE04EC0-301F-11D3-BF4B-00C04F79EFBC}") = "XFEPreferencesSample.iOS", "XFEPreferencesSample.iOS\XFEPreferencesSample.iOS.csproj", "{41DEAEFE-6731-458F-9190-585EC5D15666}"
EndProject
Project("{FAE04EC0-301F-11D3-BF4B-00C04F79EFBC}") = "XFEPreferencesSample", "XFEPreferencesSample\XFEPreferencesSample.csproj", "{5E9345D7-F813-445A-93DE-CEAAF4D10B40}"
EndProject
Global
	GlobalSection(SolutionConfigurationPlatforms) = preSolution
		Debug|Any CPU = Debug|Any CPU
		Release|Any CPU = Release|Any CPU
		Debug|iPhoneSimulator = Debug|iPhoneSimulator
		Release|iPhoneSimulator = Release|iPhoneSimulator
		Debug|iPhone = Debug|iPhone
		Release|iPhone = Release|iPhone
	EndGlobalSection
	GlobalSection(ProjectConfigurationPlatforms) = postSolution
		{057B078C-E87F-4C91-B698-4BCBB2EC7499}.Debug|Any CPU.ActiveCfg = Debug|Any CPU
		{057B078C-E87F-4C91-B698-4BCBB2EC7499}.Debug|Any CPU.Build.0 = Debug|Any CPU
		{057B078C-E87F-4C91-B698-4BCBB2EC7499}.Release|Any CPU.ActiveCfg = Release|Any CPU
		{057B078C-E87F-4C91-B698-4BCBB2EC7499}.Release|Any CPU.Build.0 = Release|Any CPU
		{057B078C-E87F-4C91-B698-4BCBB2EC7499}.Debug|iPhoneSimulator.ActiveCfg = Debug|Any CPU
		{057B078C-E87F-4C91-B698-4BCBB2EC7499}.Debug|iPhoneSimulator.Build.0 = Debug|Any CPU
		{057B078C-E87F-4C91-B698-4BCBB2EC7499}.Release|iPhoneSimulator.ActiveCfg = Release|Any CPU
		{057B078C-E87F-4C91-B698-4BCBB2EC7499}.Release|iPhoneSimulator.Build.0 = Release|Any CPU
		{057B078C-E87F-4C91-B698-4BCBB2EC7499}.Debug|iPhone.ActiveCfg = Debug|Any CPU
		{057B078C-E87F-4C91-B698-4BCBB2EC7499}.Debug|iPhone.Build.0 = Debug|Any CPU
		{057B078C-E87F-4C91-B698-4BCBB2EC7499}.Release|iPhone.ActiveCfg = Release|Any CPU
		{057B078C-E87F-4C91-B698-4BCBB2EC7499}.Release|iPhone.Build.0 = Release|Any CPU
		{41DEAEFE-6731-458F-9190-585EC5D15666}.Debug|Any CPU.ActiveCfg = Debug|iPhoneSimulator
		{41DEAEFE-6731-458F-9190-585EC5D15666}.Debug|Any CPU.Build.0 = Debug|iPhoneSimulator
		{41DEAEFE-6731-458F-9190-585EC5D15666}.Release|Any CPU.ActiveCfg = Release|iPhoneSimulator
		{41DEAEFE-6731-458F-9190-585EC5D15666}.Release|Any CPU.Build.0 = Release|iPhoneSimulator
		{41DEAEFE-6731-458F-9190-585EC5D15666}.Debug|iPhoneSimulator.ActiveCfg = Debug|iPhoneSimulator
		{41DEAEFE-6731-458F-9190-585EC5D15666}.Debug|iPhoneSimulator.Build.0 = Debug|iPhoneSimulator
		{41DEAEFE-6731-458F-9190-585EC5D15666}.Release|iPhoneSimulator.ActiveCfg = Release|iPhoneSimulator
		{41DEAEFE-6731-458F-9190-585EC5D15666}.Release|iPhoneSimulator.Build.0 = Release|iPhoneSimulator
		{41DEAEFE-6731-458F-9190-585EC5D15666}.Debug|iPhone.ActiveCfg = Debug|iPhone
		{41DEAEFE-6731-458F-9190-585EC5D15666}.Debug|iPhone.Build.0 = Debug|iPhone
		{41DEAEFE-6731-458F-9190-585EC5D15666}.Release|iPhone.ActiveCfg = Release|iPhone
		{41DEAEFE-6731-458F-9190-585EC5D15666}.Release|iPhone.Build.0 = Release|iPhone
		{5E9345D7-F813-445A-93DE-CEAAF4D10B40}.Debug|Any CPU.ActiveCfg = Debug|Any CPU
		{5E9345D7-F813-445A-93DE-CEAAF4D10B40}.Debug|Any CPU.Build.0 = Debug|Any CPU
		{5E9345D7-F813-445A-93DE-CEAAF4D10B40}.Release|Any CPU.ActiveCfg = Release|Any CPU
		{5E9345D7-F813-445A-93DE-CEAAF4D10B40}.Release|Any CPU.Build.0 = Release|Any CPU
		{5E9345D7-F813-445A-93DE-CEAAF4D10B40}.Debug|iPhoneSimulator.ActiveCfg = Debug|Any CPU
		{5E9345D7-F813-445A-93DE-CEAAF4D10B40}.Debug|iPhoneSimulator.Build.0 = Debug|Any CPU
		{5E9345D7-F813-445A-93DE-CEAAF4D10B40}.Release|iPhoneSimulator.ActiveCfg = Release|Any CPU
		{5E9345D7-F813-445A-93DE-CEAAF4D10B40}.Release|iPhoneSimulator.Build.0 = Release|Any CPU
		{5E9345D7-F813-445A-93DE-CEAAF4D10B40}.Debug|iPhone.ActiveCfg = Debug|Any CPU
		{5E9345D7-F813-445A-93DE-CEAAF4D10B40}.Debug|iPhone.Build.0 = Debug|Any CPU
		{5E9345D7-F813-445A-93DE-CEAAF4D10B40}.Release|iPhone.ActiveCfg = Release|Any CPU
		{5E9345D7-F813-445A-93DE-CEAAF4D10B40}.Release|iPhone.Build.0 = Release|Any CPU
	EndGlobalSection
	GlobalSection(SolutionProperties) = preSolution
		HideSolutionNode = FALSE
	EndGlobalSection
	GlobalSection(ExtensibilityGlobals) = postSolution
		SolutionGuid = {D740FEDA-32FE-4760-A69F-3C4F249686BC}
	EndGlobalSection
EndGlobal
